
Microsoft Visual Studio Solution File, Format Version 12.00
# Visual Studio Version 16
VisualStudioVersion = 16.0.32630.194
MinimumVisualStudioVersion = 10.0.40219.1
Project("{FAE04EC0-301F-11D3-BF4B-00C04F79EFBC}") = "AdministracijaStudenta", "AdministracijaStudenta\AdministracijaStudenta.csproj", "{1FEEFB8D-A8BD-424F-882B-0AC0C3FAB045}"
EndProject
Global
	GlobalSection(SolutionConfigurationPlatforms) = preSolution
		Debug|Any CPU = Debug|Any CPU
		Release|Any CPU = Release|Any CPU
	EndGlobalSection
	GlobalSection(ProjectConfigurationPlatforms) = postSolution
		{1FEEFB8D-A8BD-424F-882B-0AC0C3FAB045}.Debug|Any CPU.ActiveCfg = Debug|Any CPU
		{1FEEFB8D-A8BD-424F-882B-0AC0C3FAB045}.Debug|Any CPU.Build.0 = Debug|Any CPU
		{1FEEFB8D-A8BD-424F-882B-0AC0C3FAB045}.Release|Any CPU.ActiveCfg = Release|Any CPU
		{1FEEFB8D-A8BD-424F-882B-0AC0C3FAB045}.Release|Any CPU.Build.0 = Release|Any CPU
	EndGlobalSection
	GlobalSection(SolutionProperties) = preSolution
		HideSolutionNode = FALSE
	EndGlobalSection
	GlobalSection(ExtensibilityGlobals) = postSolution
		SolutionGuid = {E9CC8F8E-6F1C-44FB-BE52-92DCE747A163}
	EndGlobalSection
EndGlobal
